
Microsoft Visual Studio Solution File, Format Version 12.00
# Visual Studio Version 16
VisualStudioVersion = 16.0.31205.134
MinimumVisualStudioVersion = 10.0.40219.1
Project("{8BC9CEB8-8B4A-11D0-8D11-00A0C91BC942}") = "Graphs-Data-Structure-Practice", "Graphs-Data-Structure-Practice.vcxproj", "{BC4C18AF-720E-4BE1-8DDD-771E94F98B23}"
EndProject
Global
	GlobalSection(SolutionConfigurationPlatforms) = preSolution
		Debug|x64 = Debug|x64
		Debug|x86 = Debug|x86
		Release|x64 = Release|x64
		Release|x86 = Release|x86
	EndGlobalSection
	GlobalSection(ProjectConfigurationPlatforms) = postSolution
		{BC4C18AF-720E-4BE1-8DDD-771E94F98B23}.Debug|x64.ActiveCfg = Debug|x64
		{BC4C18AF-720E-4BE1-8DDD-771E94F98B23}.Debug|x64.Build.0 = Debug|x64
		{BC4C18AF-720E-4BE1-8DDD-771E94F98B23}.Debug|x86.ActiveCfg = Debug|Win32
		{BC4C18AF-720E-4BE1-8DDD-771E94F98B23}.Debug|x86.Build.0 = Debug|Win32
		{BC4C18AF-720E-4BE1-8DDD-771E94F98B23}.Release|x64.ActiveCfg = Release|x64
		{BC4C18AF-720E-4BE1-8DDD-771E94F98B23}.Release|x64.Build.0 = Release|x64
		{BC4C18AF-720E-4BE1-8DDD-771E94F98B23}.Release|x86.ActiveCfg = Release|Win32
		{BC4C18AF-720E-4BE1-8DDD-771E94F98B23}.Release|x86.Build.0 = Release|Win32
	EndGlobalSection
	GlobalSection(SolutionProperties) = preSolution
		HideSolutionNode = FALSE
	EndGlobalSection
	GlobalSection(ExtensibilityGlobals) = postSolution
		SolutionGuid = {2AA1E321-5EC8-430A-A524-8719503006DF}
	EndGlobalSection
EndGlobal
